
Microsoft Visual Studio Solution File, Format Version 12.00
# Visual Studio Version 17
VisualStudioVersion = 17.0.31903.59
MinimumVisualStudioVersion = 10.0.40219.1
Project("{2150E333-8FDC-42A3-9474-1A3956D46DE8}") = "src", "src", "{827E0CD3-B72D-47B6-A68D-7590B98EB39B}"
EndProject
Project("{FAE04EC0-301F-11D3-BF4B-00C04F79EFBC}") = "Application", "src\Application\Application.csproj", "{D4B48B1F-6B3E-428E-A727-8C1646B8B54C}"
EndProject
Project("{FAE04EC0-301F-11D3-BF4B-00C04F79EFBC}") = "Domain", "src\Domain\Domain.csproj", "{F57BF2CC-C870-48AF-94D1-DE57511FFD58}"
EndProject
Project("{FAE04EC0-301F-11D3-BF4B-00C04F79EFBC}") = "Infrastructure", "src\Infrastructure\Infrastructure.csproj", "{D8AE0DF2-578C-47FC-9CCF-9DC22DFF1948}"
EndProject
Project("{FAE04EC0-301F-11D3-BF4B-00C04F79EFBC}") = "WebAPI", "src\WebAPI\WebAPI.csproj", "{D939CF74-2028-43E9-976A-583E6B2A403C}"
EndProject
Project("{2150E333-8FDC-42A3-9474-1A3956D46DE8}") = "tests", "tests", "{0AB3BF05-4346-4AA6-1389-037BE0695223}"
EndProject
Project("{FAE04EC0-301F-11D3-BF4B-00C04F79EFBC}") = "Application.Tests", "tests\Application.Tests\Application.Tests.csproj", "{B63E3C32-4B7A-4D3A-95D3-368A68A891C4}"
EndProject
Project("{FAE04EC0-301F-11D3-BF4B-00C04F79EFBC}") = "Infrastructure.Tests", "tests\Infrastructure.Tests\Infrastructure.Tests.csproj", "{B3FF008D-AA7F-46FD-B306-B6BA19D78F35}"
EndProject
Project("{FAE04EC0-301F-11D3-BF4B-00C04F79EFBC}") = "WebAPI.Tests", "tests\WebAPI.Tests\WebAPI.Tests.csproj", "{E5173321-9989-4000-AE7F-4F04670122D0}"
EndProject
Project("{FAE04EC0-301F-11D3-BF4B-00C04F79EFBC}") = "EntityFrameworkCore", "src\EntityFrameworkCore\EntityFrameworkCore.csproj", "{5382894F-6037-47D0-B397-16B1D1C7B00A}"
EndProject
Global
	GlobalSection(SolutionConfigurationPlatforms) = preSolution
		Debug|Any CPU = Debug|Any CPU
		Debug|x64 = Debug|x64
		Debug|x86 = Debug|x86
		Release|Any CPU = Release|Any CPU
		Release|x64 = Release|x64
		Release|x86 = Release|x86
	EndGlobalSection
	GlobalSection(ProjectConfigurationPlatforms) = postSolution
		{D4B48B1F-6B3E-428E-A727-8C1646B8B54C}.Debug|Any CPU.ActiveCfg = Debug|Any CPU
		{D4B48B1F-6B3E-428E-A727-8C1646B8B54C}.Debug|Any CPU.Build.0 = Debug|Any CPU
		{D4B48B1F-6B3E-428E-A727-8C1646B8B54C}.Debug|x64.ActiveCfg = Debug|Any CPU
		{D4B48B1F-6B3E-428E-A727-8C1646B8B54C}.Debug|x64.Build.0 = Debug|Any CPU
		{D4B48B1F-6B3E-428E-A727-8C1646B8B54C}.Debug|x86.ActiveCfg = Debug|Any CPU
		{D4B48B1F-6B3E-428E-A727-8C1646B8B54C}.Debug|x86.Build.0 = Debug|Any CPU
		{D4B48B1F-6B3E-428E-A727-8C1646B8B54C}.Release|Any CPU.ActiveCfg = Release|Any CPU
		{D4B48B1F-6B3E-428E-A727-8C1646B8B54C}.Release|Any CPU.Build.0 = Release|Any CPU
		{D4B48B1F-6B3E-428E-A727-8C1646B8B54C}.Release|x64.ActiveCfg = Release|Any CPU
		{D4B48B1F-6B3E-428E-A727-8C1646B8B54C}.Release|x64.Build.0 = Release|Any CPU
		{D4B48B1F-6B3E-428E-A727-8C1646B8B54C}.Release|x86.ActiveCfg = Release|Any CPU
		{D4B48B1F-6B3E-428E-A727-8C1646B8B54C}.Release|x86.Build.0 = Release|Any CPU
		{F57BF2CC-C870-48AF-94D1-DE57511FFD58}.Debug|Any CPU.ActiveCfg = Debug|Any CPU
		{F57BF2CC-C870-48AF-94D1-DE57511FFD58}.Debug|Any CPU.Build.0 = Debug|Any CPU
		{F57BF2CC-C870-48AF-94D1-DE57511FFD58}.Debug|x64.ActiveCfg = Debug|Any CPU
		{F57BF2CC-C870-48AF-94D1-DE57511FFD58}.Debug|x64.Build.0 = Debug|Any CPU
		{F57BF2CC-C870-48AF-94D1-DE57511FFD58}.Debug|x86.ActiveCfg = Debug|Any CPU
		{F57BF2CC-C870-48AF-94D1-DE57511FFD58}.Debug|x86.Build.0 = Debug|Any CPU
		{F57BF2CC-C870-48AF-94D1-DE57511FFD58}.Release|Any CPU.ActiveCfg = Release|Any CPU
		{F57BF2CC-C870-48AF-94D1-DE57511FFD58}.Release|Any CPU.Build.0 = Release|Any CPU
		{F57BF2CC-C870-48AF-94D1-DE57511FFD58}.Release|x64.ActiveCfg = Release|Any CPU
		{F57BF2CC-C870-48AF-94D1-DE57511FFD58}.Release|x64.Build.0 = Release|Any CPU
		{F57BF2CC-C870-48AF-94D1-DE57511FFD58}.Release|x86.ActiveCfg = Release|Any CPU
		{F57BF2CC-C870-48AF-94D1-DE57511FFD58}.Release|x86.Build.0 = Release|Any CPU
		{D8AE0DF2-578C-47FC-9CCF-9DC22DFF1948}.Debug|Any CPU.ActiveCfg = Debug|Any CPU
		{D8AE0DF2-578C-47FC-9CCF-9DC22DFF1948}.Debug|Any CPU.Build.0 = Debug|Any CPU
		{D8AE0DF2-578C-47FC-9CCF-9DC22DFF1948}.Debug|x64.ActiveCfg = Debug|Any CPU
		{D8AE0DF2-578C-47FC-9CCF-9DC22DFF1948}.Debug|x64.Build.0 = Debug|Any CPU
		{D8AE0DF2-578C-47FC-9CCF-9DC22DFF1948}.Debug|x86.ActiveCfg = Debug|Any CPU
		{D8AE0DF2-578C-47FC-9CCF-9DC22DFF1948}.Debug|x86.Build.0 = Debug|Any CPU
		{D8AE0DF2-578C-47FC-9CCF-9DC22DFF1948}.Release|Any CPU.ActiveCfg = Release|Any CPU
		{D8AE0DF2-578C-47FC-9CCF-9DC22DFF1948}.Release|Any CPU.Build.0 = Release|Any CPU
		{D8AE0DF2-578C-47FC-9CCF-9DC22DFF1948}.Release|x64.ActiveCfg = Release|Any CPU
		{D8AE0DF2-578C-47FC-9CCF-9DC22DFF1948}.Release|x64.Build.0 = Release|Any CPU
		{D8AE0DF2-578C-47FC-9CCF-9DC22DFF1948}.Release|x86.ActiveCfg = Release|Any CPU
		{D8AE0DF2-578C-47FC-9CCF-9DC22DFF1948}.Release|x86.Build.0 = Release|Any CPU
		{D939CF74-2028-43E9-976A-583E6B2A403C}.Debug|Any CPU.ActiveCfg = Debug|Any CPU
		{D939CF74-2028-43E9-976A-583E6B2A403C}.Debug|Any CPU.Build.0 = Debug|Any CPU
		{D939CF74-2028-43E9-976A-583E6B2A403C}.Debug|x64.ActiveCfg = Debug|Any CPU
		{D939CF74-2028-43E9-976A-583E6B2A403C}.Debug|x64.Build.0 = Debug|Any CPU
		{D939CF74-2028-43E9-976A-583E6B2A403C}.Debug|x86.ActiveCfg = Debug|Any CPU
		{D939CF74-2028-43E9-976A-583E6B2A403C}.Debug|x86.Build.0 = Debug|Any CPU
		{D939CF74-2028-43E9-976A-583E6B2A403C}.Release|Any CPU.ActiveCfg = Release|Any CPU
		{D939CF74-2028-43E9-976A-583E6B2A403C}.Release|Any CPU.Build.0 = Release|Any CPU
		{D939CF74-2028-43E9-976A-583E6B2A403C}.Release|x64.ActiveCfg = Release|Any CPU
		{D939CF74-2028-43E9-976A-583E6B2A403C}.Release|x64.Build.0 = Release|Any CPU
		{D939CF74-2028-43E9-976A-583E6B2A403C}.Release|x86.ActiveCfg = Release|Any CPU
		{D939CF74-2028-43E9-976A-583E6B2A403C}.Release|x86.Build.0 = Release|Any CPU
		{B63E3C32-4B7A-4D3A-95D3-368A68A891C4}.Debug|Any CPU.ActiveCfg = Debug|Any CPU
		{B63E3C32-4B7A-4D3A-95D3-368A68A891C4}.Debug|Any CPU.Build.0 = Debug|Any CPU
		{B63E3C32-4B7A-4D3A-95D3-368A68A891C4}.Debug|x64.ActiveCfg = Debug|Any CPU
		{B63E3C32-4B7A-4D3A-95D3-368A68A891C4}.Debug|x64.Build.0 = Debug|Any CPU
		{B63E3C32-4B7A-4D3A-95D3-368A68A891C4}.Debug|x86.ActiveCfg = Debug|Any CPU
		{B63E3C32-4B7A-4D3A-95D3-368A68A891C4}.Debug|x86.Build.0 = Debug|Any CPU
		{B63E3C32-4B7A-4D3A-95D3-368A68A891C4}.Release|Any CPU.ActiveCfg = Release|Any CPU
		{B63E3C32-4B7A-4D3A-95D3-368A68A891C4}.Release|Any CPU.Build.0 = Release|Any CPU
		{B63E3C32-4B7A-4D3A-95D3-368A68A891C4}.Release|x64.ActiveCfg = Release|Any CPU
		{B63E3C32-4B7A-4D3A-95D3-368A68A891C4}.Release|x64.Build.0 = Release|Any CPU
		{B63E3C32-4B7A-4D3A-95D3-368A68A891C4}.Release|x86.ActiveCfg = Release|Any CPU
		{B63E3C32-4B7A-4D3A-95D3-368A68A891C4}.Release|x86.Build.0 = Release|Any CPU
		{B3FF008D-AA7F-46FD-B306-B6BA19D78F35}.Debug|Any CPU.ActiveCfg = Debug|Any CPU
		{B3FF008D-AA7F-46FD-B306-B6BA19D78F35}.Debug|Any CPU.Build.0 = Debug|Any CPU
		{B3FF008D-AA7F-46FD-B306-B6BA19D78F35}.Debug|x64.ActiveCfg = Debug|Any CPU
		{B3FF008D-AA7F-46FD-B306-B6BA19D78F35}.Debug|x64.Build.0 = Debug|Any CPU
		{B3FF008D-AA7F-46FD-B306-B6BA19D78F35}.Debug|x86.ActiveCfg = Debug|Any CPU
		{B3FF008D-AA7F-46FD-B306-B6BA19D78F35}.Debug|x86.Build.0 = Debug|Any CPU
		{B3FF008D-AA7F-46FD-B306-B6BA19D78F35}.Release|Any CPU.ActiveCfg = Release|Any CPU
		{B3FF008D-AA7F-46FD-B306-B6BA19D78F35}.Release|Any CPU.Build.0 = Release|Any CPU
		{B3FF008D-AA7F-46FD-B306-B6BA19D78F35}.Release|x64.ActiveCfg = Release|Any CPU
		{B3FF008D-AA7F-46FD-B306-B6BA19D78F35}.Release|x64.Build.0 = Release|Any CPU
		{B3FF008D-AA7F-46FD-B306-B6BA19D78F35}.Release|x86.ActiveCfg = Release|Any CPU
		{B3FF008D-AA7F-46FD-B306-B6BA19D78F35}.Release|x86.Build.0 = Release|Any CPU
		{E5173321-9989-4000-AE7F-4F04670122D0}.Debug|Any CPU.ActiveCfg = Debug|Any CPU
		{E5173321-9989-4000-AE7F-4F04670122D0}.Debug|Any CPU.Build.0 = Debug|Any CPU
		{E5173321-9989-4000-AE7F-4F04670122D0}.Debug|x64.ActiveCfg = Debug|Any CPU
		{E5173321-9989-4000-AE7F-4F04670122D0}.Debug|x64.Build.0 = Debug|Any CPU
		{E5173321-9989-4000-AE7F-4F04670122D0}.Debug|x86.ActiveCfg = Debug|Any CPU
		{E5173321-9989-4000-AE7F-4F04670122D0}.Debug|x86.Build.0 = Debug|Any CPU
		{E5173321-9989-4000-AE7F-4F04670122D0}.Release|Any CPU.ActiveCfg = Release|Any CPU
		{E5173321-9989-4000-AE7F-4F04670122D0}.Release|Any CPU.Build.0 = Release|Any CPU
		{E5173321-9989-4000-AE7F-4F04670122D0}.Release|x64.ActiveCfg = Release|Any CPU
		{E5173321-9989-4000-AE7F-4F04670122D0}.Release|x64.Build.0 = Release|Any CPU
		{E5173321-9989-4000-AE7F-4F04670122D0}.Release|x86.ActiveCfg = Release|Any CPU
		{E5173321-9989-4000-AE7F-4F04670122D0}.Release|x86.Build.0 = Release|Any CPU
		{5382894F-6037-47D0-B397-16B1D1C7B00A}.Debug|Any CPU.ActiveCfg = Debug|Any CPU
		{5382894F-6037-47D0-B397-16B1D1C7B00A}.Debug|Any CPU.Build.0 = Debug|Any CPU
		{5382894F-6037-47D0-B397-16B1D1C7B00A}.Debug|x64.ActiveCfg = Debug|Any CPU
		{5382894F-6037-47D0-B397-16B1D1C7B00A}.Debug|x64.Build.0 = Debug|Any CPU
		{5382894F-6037-47D0-B397-16B1D1C7B00A}.Debug|x86.ActiveCfg = Debug|Any CPU
		{5382894F-6037-47D0-B397-16B1D1C7B00A}.Debug|x86.Build.0 = Debug|Any CPU
		{5382894F-6037-47D0-B397-16B1D1C7B00A}.Release|Any CPU.ActiveCfg = Release|Any CPU
		{5382894F-6037-47D0-B397-16B1D1C7B00A}.Release|Any CPU.Build.0 = Release|Any CPU
		{5382894F-6037-47D0-B397-16B1D1C7B00A}.Release|x64.ActiveCfg = Release|Any CPU
		{5382894F-6037-47D0-B397-16B1D1C7B00A}.Release|x64.Build.0 = Release|Any CPU
		{5382894F-6037-47D0-B397-16B1D1C7B00A}.Release|x86.ActiveCfg = Release|Any CPU
		{5382894F-6037-47D0-B397-16B1D1C7B00A}.Release|x86.Build.0 = Release|Any CPU
	EndGlobalSection
	GlobalSection(SolutionProperties) = preSolution
		HideSolutionNode = FALSE
	EndGlobalSection
	GlobalSection(NestedProjects) = preSolution
		{D4B48B1F-6B3E-428E-A727-8C1646B8B54C} = {827E0CD3-B72D-47B6-A68D-7590B98EB39B}
		{F57BF2CC-C870-48AF-94D1-DE57511FFD58} = {827E0CD3-B72D-47B6-A68D-7590B98EB39B}
		{D8AE0DF2-578C-47FC-9CCF-9DC22DFF1948} = {827E0CD3-B72D-47B6-A68D-7590B98EB39B}
		{D939CF74-2028-43E9-976A-583E6B2A403C} = {827E0CD3-B72D-47B6-A68D-7590B98EB39B}
		{B63E3C32-4B7A-4D3A-95D3-368A68A891C4} = {0AB3BF05-4346-4AA6-1389-037BE0695223}
		{B3FF008D-AA7F-46FD-B306-B6BA19D78F35} = {0AB3BF05-4346-4AA6-1389-037BE0695223}
		{E5173321-9989-4000-AE7F-4F04670122D0} = {0AB3BF05-4346-4AA6-1389-037BE0695223}
		{5382894F-6037-47D0-B397-16B1D1C7B00A} = {827E0CD3-B72D-47B6-A68D-7590B98EB39B}
	EndGlobalSection
	GlobalSection(ExtensibilityGlobals) = postSolution
		SolutionGuid = {F32A1AEA-AEA1-4585-B4F6-BCDDF6FC50FF}
	EndGlobalSection
EndGlobal
